
Microsoft Visual Studio Solution File, Format Version 12.00
# Visual Studio Version 16
VisualStudioVersion = 16.0.29306.81
MinimumVisualStudioVersion = 10.0.40219.1
Project("{FAE04EC0-301F-11D3-BF4B-00C04F79EFBC}") = "NexxtDent", "NexxtDent\NexxtDent.csproj", "{43FB1E34-30A0-46F9-BEA9-346C3CE1E118}"
EndProject
Global
	GlobalSection(SolutionConfigurationPlatforms) = preSolution
		Debug|Any CPU = Debug|Any CPU
		Release|Any CPU = Release|Any CPU
	EndGlobalSection
	GlobalSection(ProjectConfigurationPlatforms) = postSolution
		{43FB1E34-30A0-46F9-BEA9-346C3CE1E118}.Debug|Any CPU.ActiveCfg = Debug|Any CPU
		{43FB1E34-30A0-46F9-BEA9-346C3CE1E118}.Debug|Any CPU.Build.0 = Debug|Any CPU
		{43FB1E34-30A0-46F9-BEA9-346C3CE1E118}.Release|Any CPU.ActiveCfg = Release|Any CPU
		{43FB1E34-30A0-46F9-BEA9-346C3CE1E118}.Release|Any CPU.Build.0 = Release|Any CPU
	EndGlobalSection
	GlobalSection(SolutionProperties) = preSolution
		HideSolutionNode = FALSE
	EndGlobalSection
	GlobalSection(ExtensibilityGlobals) = postSolution
		SolutionGuid = {0A0F1D0C-E7EE-4E83-A884-0361949D533C}
	EndGlobalSection
EndGlobal
